
Microsoft Visual Studio Solution File, Format Version 10.00
# Visual Studio 2008
Project("{8BC9CEB8-8B4A-11D0-8D11-00A0C91BC942}") = "基数排序", "基数排序\基数排序.vcproj", "{73892150-6FD9-4397-B4DE-81D5BAF4A04B}"
EndProject
Global
	GlobalSection(SolutionConfigurationPlatforms) = preSolution
		Debug|Win32 = Debug|Win32
		Release|Win32 = Release|Win32
	EndGlobalSection
	GlobalSection(ProjectConfigurationPlatforms) = postSolution
		{73892150-6FD9-4397-B4DE-81D5BAF4A04B}.Debug|Win32.ActiveCfg = Debug|Win32
		{73892150-6FD9-4397-B4DE-81D5BAF4A04B}.Debug|Win32.Build.0 = Debug|Win32
		{73892150-6FD9-4397-B4DE-81D5BAF4A04B}.Release|Win32.ActiveCfg = Release|Win32
		{73892150-6FD9-4397-B4DE-81D5BAF4A04B}.Release|Win32.Build.0 = Release|Win32
	EndGlobalSection
	GlobalSection(SolutionProperties) = preSolution
		HideSolutionNode = FALSE
	EndGlobalSection
EndGlobal
